
Microsoft Visual Studio Solution File, Format Version 12.00
# Visual Studio 15
VisualStudioVersion = 15.0.26430.16
MinimumVisualStudioVersion = 10.0.40219.1
Project("{FAE04EC0-301F-11D3-BF4B-00C04F79EFBC}") = "H2ODatabase", "H2ODatabase\H2ODatabase.csproj", "{AC8747BB-029F-4A63-95C4-D120C93FBD15}"
EndProject
Global
	GlobalSection(SolutionConfigurationPlatforms) = preSolution
		Debug|Any CPU = Debug|Any CPU
		Release|Any CPU = Release|Any CPU
	EndGlobalSection
	GlobalSection(ProjectConfigurationPlatforms) = postSolution
		{AC8747BB-029F-4A63-95C4-D120C93FBD15}.Debug|Any CPU.ActiveCfg = Debug|Any CPU
		{AC8747BB-029F-4A63-95C4-D120C93FBD15}.Debug|Any CPU.Build.0 = Debug|Any CPU
		{AC8747BB-029F-4A63-95C4-D120C93FBD15}.Release|Any CPU.ActiveCfg = Release|Any CPU
		{AC8747BB-029F-4A63-95C4-D120C93FBD15}.Release|Any CPU.Build.0 = Release|Any CPU
	EndGlobalSection
	GlobalSection(SolutionProperties) = preSolution
		HideSolutionNode = FALSE
	EndGlobalSection
EndGlobal
